
Microsoft Visual Studio Solution File, Format Version 12.00
# Visual Studio Version 17
VisualStudioVersion = 17.1.32414.318
MinimumVisualStudioVersion = 10.0.40219.1
Project("{9A19103F-16F7-4668-BE54-9A1E7A4F7556}") = "OpticalRenderFormUseCase", "OpticalRenderFormUseCase\OpticalRenderFormUseCase.csproj", "{AE455248-8D48-4792-BD4C-46E483CCCAFF}"
EndProject
Project("{FAE04EC0-301F-11D3-BF4B-00C04F79EFBC}") = "OpticalRenderFormLibrary", "OpticalRenderFormLibrary\OpticalRenderFormLibrary.csproj", "{19DF3DAF-1F96-4794-862D-748A169CC4CD}"
EndProject
Global
	GlobalSection(SolutionConfigurationPlatforms) = preSolution
		Debug|Any CPU = Debug|Any CPU
		Release|Any CPU = Release|Any CPU
	EndGlobalSection
	GlobalSection(ProjectConfigurationPlatforms) = postSolution
		{AE455248-8D48-4792-BD4C-46E483CCCAFF}.Debug|Any CPU.ActiveCfg = Debug|Any CPU
		{AE455248-8D48-4792-BD4C-46E483CCCAFF}.Debug|Any CPU.Build.0 = Debug|Any CPU
		{AE455248-8D48-4792-BD4C-46E483CCCAFF}.Release|Any CPU.ActiveCfg = Release|Any CPU
		{AE455248-8D48-4792-BD4C-46E483CCCAFF}.Release|Any CPU.Build.0 = Release|Any CPU
		{19DF3DAF-1F96-4794-862D-748A169CC4CD}.Debug|Any CPU.ActiveCfg = Debug|Any CPU
		{19DF3DAF-1F96-4794-862D-748A169CC4CD}.Debug|Any CPU.Build.0 = Debug|Any CPU
		{19DF3DAF-1F96-4794-862D-748A169CC4CD}.Release|Any CPU.ActiveCfg = Release|Any CPU
		{19DF3DAF-1F96-4794-862D-748A169CC4CD}.Release|Any CPU.Build.0 = Release|Any CPU
	EndGlobalSection
	GlobalSection(SolutionProperties) = preSolution
		HideSolutionNode = FALSE
	EndGlobalSection
	GlobalSection(ExtensibilityGlobals) = postSolution
		SolutionGuid = {1D122D94-9875-4D8C-B730-891582DD26C7}
	EndGlobalSection
EndGlobal
